
Microsoft Visual Studio Solution File, Format Version 12.00
# Visual Studio Version 16
VisualStudioVersion = 16.0.29806.167
MinimumVisualStudioVersion = 10.0.40219.1
Project("{2150E333-8FDC-42A3-9474-1A3956D46DE8}") = "Api", "Api", "{389D7E0F-15C8-4741-A69E-10E76C8D1B17}"
EndProject
Project("{2150E333-8FDC-42A3-9474-1A3956D46DE8}") = "Domain", "Domain", "{D44B5E8B-DC79-49AD-B9B8-0970F32E20E2}"
EndProject
Project("{2150E333-8FDC-42A3-9474-1A3956D46DE8}") = "Tests", "Tests", "{EDCE1E12-1700-4DD9-8C22-C263EDDE9F7F}"
EndProject
Project("{9A19103F-16F7-4668-BE54-9A1E7A4F7556}") = "MovieService.Domain", "src\MovieService.Domain\MovieService.Domain.csproj", "{D31D34D7-2664-4F4A-B749-E9D950B7F5B0}"
EndProject
Project("{2150E333-8FDC-42A3-9474-1A3956D46DE8}") = "Infra", "Infra", "{204E75BC-C1F5-4CDA-AE30-2CF919088B16}"
EndProject
Project("{9A19103F-16F7-4668-BE54-9A1E7A4F7556}") = "MovieService.Infra", "src\MovieService.Infra\MovieService.Infra.csproj", "{F84F23F3-6122-4D88-936E-1A1B44568511}"
EndProject
Project("{9A19103F-16F7-4668-BE54-9A1E7A4F7556}") = "MovieService.Tests", "src\MovieService.Tests\MovieService.Tests.csproj", "{5FB16849-0BF7-43D9-B87A-A556272EFA86}"
EndProject
Project("{FAE04EC0-301F-11D3-BF4B-00C04F79EFBC}") = "MovieService.Api", "src\MovieService.Api\MovieService.Api.csproj", "{6B8DD317-B83C-490C-900F-671E8E7E35F7}"
EndProject
Global
	GlobalSection(SolutionConfigurationPlatforms) = preSolution
		Debug|Any CPU = Debug|Any CPU
		Release|Any CPU = Release|Any CPU
	EndGlobalSection
	GlobalSection(ProjectConfigurationPlatforms) = postSolution
		{D31D34D7-2664-4F4A-B749-E9D950B7F5B0}.Debug|Any CPU.ActiveCfg = Debug|Any CPU
		{D31D34D7-2664-4F4A-B749-E9D950B7F5B0}.Debug|Any CPU.Build.0 = Debug|Any CPU
		{D31D34D7-2664-4F4A-B749-E9D950B7F5B0}.Release|Any CPU.ActiveCfg = Release|Any CPU
		{D31D34D7-2664-4F4A-B749-E9D950B7F5B0}.Release|Any CPU.Build.0 = Release|Any CPU
		{F84F23F3-6122-4D88-936E-1A1B44568511}.Debug|Any CPU.ActiveCfg = Debug|Any CPU
		{F84F23F3-6122-4D88-936E-1A1B44568511}.Debug|Any CPU.Build.0 = Debug|Any CPU
		{F84F23F3-6122-4D88-936E-1A1B44568511}.Release|Any CPU.ActiveCfg = Release|Any CPU
		{F84F23F3-6122-4D88-936E-1A1B44568511}.Release|Any CPU.Build.0 = Release|Any CPU
		{5FB16849-0BF7-43D9-B87A-A556272EFA86}.Debug|Any CPU.ActiveCfg = Debug|Any CPU
		{5FB16849-0BF7-43D9-B87A-A556272EFA86}.Debug|Any CPU.Build.0 = Debug|Any CPU
		{5FB16849-0BF7-43D9-B87A-A556272EFA86}.Release|Any CPU.ActiveCfg = Release|Any CPU
		{5FB16849-0BF7-43D9-B87A-A556272EFA86}.Release|Any CPU.Build.0 = Release|Any CPU
		{6B8DD317-B83C-490C-900F-671E8E7E35F7}.Debug|Any CPU.ActiveCfg = Debug|Any CPU
		{6B8DD317-B83C-490C-900F-671E8E7E35F7}.Debug|Any CPU.Build.0 = Debug|Any CPU
		{6B8DD317-B83C-490C-900F-671E8E7E35F7}.Release|Any CPU.ActiveCfg = Release|Any CPU
		{6B8DD317-B83C-490C-900F-671E8E7E35F7}.Release|Any CPU.Build.0 = Release|Any CPU
	EndGlobalSection
	GlobalSection(SolutionProperties) = preSolution
		HideSolutionNode = FALSE
	EndGlobalSection
	GlobalSection(NestedProjects) = preSolution
		{D31D34D7-2664-4F4A-B749-E9D950B7F5B0} = {D44B5E8B-DC79-49AD-B9B8-0970F32E20E2}
		{F84F23F3-6122-4D88-936E-1A1B44568511} = {204E75BC-C1F5-4CDA-AE30-2CF919088B16}
		{5FB16849-0BF7-43D9-B87A-A556272EFA86} = {EDCE1E12-1700-4DD9-8C22-C263EDDE9F7F}
		{6B8DD317-B83C-490C-900F-671E8E7E35F7} = {389D7E0F-15C8-4741-A69E-10E76C8D1B17}
	EndGlobalSection
	GlobalSection(ExtensibilityGlobals) = postSolution
		SolutionGuid = {9B7DBB0E-CCC7-43D9-81CA-39083063D64E}
	EndGlobalSection
EndGlobal
